
Microsoft Visual Studio Solution File, Format Version 12.00
# Visual Studio 15
Project("{FAE04EC0-301F-11D3-BF4B-00C04F79EFBC}") = "Assembly-CSharp", "Assembly-CSharp.csproj", "{AE479E12-B6CF-678E-302D-D3E794E7760C}"
EndProject
Project("{FAE04EC0-301F-11D3-BF4B-00C04F79EFBC}") = "Assembly-CSharp-firstpass", "Assembly-CSharp-firstpass.csproj", "{9C3923C0-59F7-A792-2DA8-6BF4C968BCF1}"
EndProject
Project("{FAE04EC0-301F-11D3-BF4B-00C04F79EFBC}") = "Assembly-CSharp-Editor-firstpass", "Assembly-CSharp-Editor-firstpass.csproj", "{AA47AD47-EA82-B824-FCCB-BA601C6F4B3F}"
EndProject
Global
	GlobalSection(SolutionConfigurationPlatforms) = preSolution
		Debug|Any CPU = Debug|Any CPU
		Release|Any CPU = Release|Any CPU
	EndGlobalSection
	GlobalSection(ProjectConfigurationPlatforms) = postSolution
		{AE479E12-B6CF-678E-302D-D3E794E7760C}.Debug|Any CPU.ActiveCfg = Debug|Any CPU
		{AE479E12-B6CF-678E-302D-D3E794E7760C}.Debug|Any CPU.Build.0 = Debug|Any CPU
		{AE479E12-B6CF-678E-302D-D3E794E7760C}.Release|Any CPU.ActiveCfg = Release|Any CPU
		{AE479E12-B6CF-678E-302D-D3E794E7760C}.Release|Any CPU.Build.0 = Release|Any CPU
		{9C3923C0-59F7-A792-2DA8-6BF4C968BCF1}.Debug|Any CPU.ActiveCfg = Debug|Any CPU
		{9C3923C0-59F7-A792-2DA8-6BF4C968BCF1}.Debug|Any CPU.Build.0 = Debug|Any CPU
		{9C3923C0-59F7-A792-2DA8-6BF4C968BCF1}.Release|Any CPU.ActiveCfg = Release|Any CPU
		{9C3923C0-59F7-A792-2DA8-6BF4C968BCF1}.Release|Any CPU.Build.0 = Release|Any CPU
		{AA47AD47-EA82-B824-FCCB-BA601C6F4B3F}.Debug|Any CPU.ActiveCfg = Debug|Any CPU
		{AA47AD47-EA82-B824-FCCB-BA601C6F4B3F}.Debug|Any CPU.Build.0 = Debug|Any CPU
		{AA47AD47-EA82-B824-FCCB-BA601C6F4B3F}.Release|Any CPU.ActiveCfg = Release|Any CPU
		{AA47AD47-EA82-B824-FCCB-BA601C6F4B3F}.Release|Any CPU.Build.0 = Release|Any CPU
	EndGlobalSection
	GlobalSection(SolutionProperties) = preSolution
		HideSolutionNode = FALSE
	EndGlobalSection
EndGlobal
